
Microsoft Visual Studio Solution File, Format Version 12.00
# Visual Studio 15
VisualStudioVersion = 15.0.28307.136
MinimumVisualStudioVersion = 10.0.40219.1
Project("{FAE04EC0-301F-11D3-BF4B-00C04F79EFBC}") = "APP_BEER_ME", "APP_BEER_ME\APP_BEER_ME.csproj", "{27559D0F-E6CE-46A0-886B-4607B253B236}"
EndProject
Project("{FAE04EC0-301F-11D3-BF4B-00C04F79EFBC}") = "APP_BEER_ME.Tests", "APP_BEER_ME.Tests\APP_BEER_ME.Tests.csproj", "{58301804-D759-4401-9C36-E27B898E5C38}"
EndProject
Project("{FAE04EC0-301F-11D3-BF4B-00C04F79EFBC}") = "APP_BEER_ME.Client", "APP_BEER_ME.Client\APP_BEER_ME.Client.csproj", "{B0D3CCD3-4C69-4AAC-AF1B-65193410A960}"
EndProject
Global
	GlobalSection(SolutionConfigurationPlatforms) = preSolution
		Debug|Any CPU = Debug|Any CPU
		Release|Any CPU = Release|Any CPU
	EndGlobalSection
	GlobalSection(ProjectConfigurationPlatforms) = postSolution
		{27559D0F-E6CE-46A0-886B-4607B253B236}.Debug|Any CPU.ActiveCfg = Debug|Any CPU
		{27559D0F-E6CE-46A0-886B-4607B253B236}.Debug|Any CPU.Build.0 = Debug|Any CPU
		{27559D0F-E6CE-46A0-886B-4607B253B236}.Release|Any CPU.ActiveCfg = Release|Any CPU
		{27559D0F-E6CE-46A0-886B-4607B253B236}.Release|Any CPU.Build.0 = Release|Any CPU
		{58301804-D759-4401-9C36-E27B898E5C38}.Debug|Any CPU.ActiveCfg = Debug|Any CPU
		{58301804-D759-4401-9C36-E27B898E5C38}.Debug|Any CPU.Build.0 = Debug|Any CPU
		{58301804-D759-4401-9C36-E27B898E5C38}.Release|Any CPU.ActiveCfg = Release|Any CPU
		{58301804-D759-4401-9C36-E27B898E5C38}.Release|Any CPU.Build.0 = Release|Any CPU
		{B0D3CCD3-4C69-4AAC-AF1B-65193410A960}.Debug|Any CPU.ActiveCfg = Debug|Any CPU
		{B0D3CCD3-4C69-4AAC-AF1B-65193410A960}.Debug|Any CPU.Build.0 = Debug|Any CPU
		{B0D3CCD3-4C69-4AAC-AF1B-65193410A960}.Release|Any CPU.ActiveCfg = Release|Any CPU
		{B0D3CCD3-4C69-4AAC-AF1B-65193410A960}.Release|Any CPU.Build.0 = Release|Any CPU
	EndGlobalSection
	GlobalSection(SolutionProperties) = preSolution
		HideSolutionNode = FALSE
	EndGlobalSection
	GlobalSection(ExtensibilityGlobals) = postSolution
		SolutionGuid = {6AA1416F-74B6-4E39-9897-7038C927C41F}
	EndGlobalSection
EndGlobal
